// !$*UTF8*$!
{
	archiveVersion = 1;
	classes = {
	};
	objectVersion = 48;
	objects = {

/* Begin PBXBuildFile section */
		05762E5F204FD1C400886EC9 /* AppDelegate.swift in Sources */ = {isa = PBXBuildFile; fileRef = 05762E5E204FD1C400886EC9 /* AppDelegate.swift */; };
		05762E61204FD1C400886EC9 /* ViewController.swift in Sources */ = {isa = PBXBuildFile; fileRef = 05762E60204FD1C400886EC9 /* ViewController.swift */; };
		05762E64204FD1C400886EC9 /* Main.storyboard in Resources */ = {isa = PBXBuildFile; fileRef = 05762E62204FD1C400886EC9 /* Main.storyboard */; };
		05762E66204FD1C400886EC9 /* Assets.xcassets in Resources */ = {isa = PBXBuildFile; fileRef = 05762E65204FD1C400886EC9 /* Assets.xcassets */; };
		05762E69204FD1C400886EC9 /* LaunchScreen.storyboard in Resources */ = {isa = PBXBuildFile; fileRef = 05762E67204FD1C400886EC9 /* LaunchScreen.storyboard */; };
		05F865DF2070C4C8003F3CFD /* background.jpg in Resources */ = {isa = PBXBuildFile; fileRef = 05F865DE2070C4C7003F3CFD /* background.jpg */; };
/* End PBXBuildFile section */

/* Begin PBXFileReference section */
		05762E5B204FD1C400886EC9 /* DownloadWebContent.app */ = {isa = PBXFileReference; explicitFileType = wrapper.application; includeInIndex = 0; path = DownloadWebContent.app; sourceTree = BUILT_PRODUCTS_DIR; };
		05762E5E204FD1C400886EC9 /* AppDelegate.swift */ = {isa = PBXFileReference; lastKnownFileType = sourcecode.swift; path = AppDelegate.swift; sourceTree = "<group>"; };
		05762E60204FD1C400886EC9 /* ViewController.swift */ = {isa = PBXFileReference; lastKnownFileType = sourcecode.swift; path = ViewController.swift; sourceTree = "<group>"; };
		05762E63204FD1C400886EC9 /* Base */ = {isa = PBXFileReference; lastKnownFileType = file.storyboard; name = Base; path = Base.lproj/Main.storyboard; sourceTree = "<group>"; };
		05762E65204FD1C400886EC9 /* Assets.xcassets */ = {isa = PBXFileReference; lastKnownFileType = folder.assetcatalog; path = Assets.xcassets; sourceTree = "<group>"; };
		05762E68204FD1C400886EC9 /* Base */ = {isa = PBXFileReference; lastKnownFileType = file.storyboard; name = Base; path = Base.lproj/LaunchScreen.storyboard; sourceTree = "<group>"; };
		05762E6A204FD1C400886EC9 /* Info.plist */ = {isa = PBXFileReference; lastKnownFileType = text.plist.xml; path = Info.plist; sourceTree = "<group>"; };
		05F865DE2070C4C7003F3CFD /* background.jpg */ = {isa = PBXFileReference; lastKnownFileType = image.jpeg; path = background.jpg; sourceTree = "<group>"; };
/* End PBXFileReference section */

/* Begin PBXFrameworksBuildPhase section */
		05762E58204FD1C400886EC9 /* Frameworks */ = {
			isa = PBXFrameworksBuildPhase;
			buildActionMask = 2147483647;
			files = (
			);
			runOnlyForDeploymentPostprocessing = 0;
		};
/* End PBXFrameworksBuildPhase section */

/* Begin PBXGroup section */
		05762E52204FD1C400886EC9 = {
			isa = PBXGroup;
			children = (
				05762E5D204FD1C400886EC9 /* DownloadWebContent */,
				05762E5C204FD1C400886EC9 /* Products */,
			);
			sourceTree = "<group>";
		};
		05762E5C204FD1C400886EC9 /* Products */ = {
			isa = PBXGroup;
			children = (
				05762E5B204FD1C400886EC9 /* DownloadWebContent.app */,
			);
			name = Products;
			sourceTree = "<group>";
		};
		05762E5D204FD1C400886EC9 /* DownloadWebContent */ = {
			isa = PBXGroup;
			children = (
				05762E5E204FD1C400886EC9 /* AppDelegate.swift */,
				05762E60204FD1C400886EC9 /* ViewController.swift */,
				05762E62204FD1C400886EC9 /* Main.storyboard */,
				05F865DE2070C4C7003F3CFD /* background.jpg */,
				05762E65204FD1C400886EC9 /* Assets.xcassets */,
				05762E67204FD1C400886EC9 /* LaunchScreen.storyboard */,
				05762E6A204FD1C400886EC9 /* Info.plist */,
			);
			path = DownloadWebContent;
			sourceTree = "<group>";
		};
/* End PBXGroup section */

/* Begin PBXNativeTarget section */
		05762E5A204FD1C400886EC9 /* DownloadWebContent */ = {
			isa = PBXNativeTarget;
			buildConfigurationList = 05762E6D204FD1C400886EC9 /* Build configuration list for PBXNativeTarget "DownloadWebContent" */;
			buildPhases = (
				05762E57204FD1C400886EC9 /* Sources */,
				05762E58204FD1C400886EC9 /* Frameworks */,
				05762E59204FD1C400886EC9 /* Resources */,
			);
			buildRules = (
			);
			dependencies = (
			);
			name = DownloadWebContent;
			productName = DownloadWebContent;
			productReference = 05762E5B204FD1C400886EC9 /* DownloadWebContent.app */;
			productType = "com.apple.product-type.application";
		};
/* End PBXNativeTarget section */

/* Begin PBXProject section */
		05762E53204FD1C400886EC9 /* Project object */ = {
			isa = PBXProject;
			attributes = {
				LastSwiftUpdateCheck = 0920;
				LastUpgradeCheck = 0920;
				ORGANIZATIONNAME = "Ei Phyu";
				TargetAttributes = {
					05762E5A204FD1C400886EC9 = {
						CreatedOnToolsVersion = 9.2;
						ProvisioningStyle = Automatic;
					};
				};
			};
			buildConfigurationList = 05762E56204FD1C400886EC9 /* Build configuration list for PBXProject "DownloadWebContent" */;
			compatibilityVersion = "Xcode 8.0";
			developmentRegion = en;
			hasScannedForEncodings = 0;
			knownRegions = (
				en,
				Base,
			);
			mainGroup = 05762E52204FD1C400886EC9;
			productRefGroup = 05762E5C204FD1C400886EC9 /* Products */;
			projectDirPath = "";
			projectRoot = "";
			targets = (
				05762E5A204FD1C400886EC9 /* DownloadWebContent */,
			);
		};
/* End PBXProject section */

/* Begin PBXResourcesBuildPhase section */
		05762E59204FD1C400886EC9 /* Resources */ = {
			isa = PBXResourcesBuildPhase;
			buildActionMask = 2147483647;
			files = (
				05762E69204FD1C400886EC9 /* LaunchScreen.storyboard in Resources */,
				05F865DF2070C4C8003F3CFD /* background.jpg in Resources */,
				05762E66204FD1C400886EC9 /* Assets.xcassets in Resources */,
				05762E64204FD1C400886EC9 /* Main.storyboard in Resources */,
			);
			runOnlyForDeploymentPostprocessing = 0;
		};
/* End PBXResourcesBuildPhase section */

/* Begin PBXSourcesBuildPhase section */
		05762E57204FD1C400886EC9 /* Sources */ = {
			isa = PBXSourcesBuildPhase;
			buildActionMask = 2147483647;
			files = (
				05762E61204FD1C400886EC9 /* ViewController.swift in Sources */,
				05762E5F204FD1C400886EC9 /* AppDelegate.swift in Sources */,
			);
			runOnlyForDeploymentPostprocessing = 0;
		};
/* End PBXSourcesBuildPhase section */

/* Begin PBXVariantGroup section */
		05762E62204FD1C400886EC9 /* Main.storyboard */ = {
			isa = PBXVariantGroup;
			children = (
				05762E63204FD1C400886EC9 /* Base */,
			);
			name = Main.storyboard;
			sourceTree = "<group>";
		};
		05762E67204FD1C400886EC9 /* LaunchScreen.storyboard */ = {
			isa = PBXVariantGroup;
			children = (
				05762E68204FD1C400886EC9 /* Base */,
			);
			name = LaunchScreen.storyboard;
			sourceTree = "<group>";
		};
/* End PBXVariantGroup section */

/* Begin XCBuildConfiguration section */
		05762E6B204FD1C400886EC9 /* Debug */ = {
			isa = XCBuildConfiguration;
			buildSettings = {
				ALWAYS_SEARCH_USER_PATHS = NO;
				CLANG_ANALYZER_NONNULL = YES;
				CLANG_ANALYZER_NUMBER_OBJECT_CONVERSION = YES_AGGRESSIVE;
				CLANG_CXX_LANGUAGE_STANDARD = "gnu++14";
				CLANG_CXX_LIBRARY = "libc++";
				CLANG_ENABLE_MODULES = YES;
				CLANG_ENABLE_OBJC_ARC = YES;
				CLANG_WARN_BLOCK_CAPTURE_AUTORELEASING = YES;
				CLANG_WARN_BOOL_CONVERSION = YES;
				CLANG_WARN_COMMA = YES;
				CLANG_WARN_CONSTANT_CONVERSION = YES;
				CLANG_WARN_DIRECT_OBJC_ISA_USAGE = YES_ERROR;
				CLANG_WARN_DOCUMENTATION_COMMENTS = YES;
				CLANG_WARN_EMPTY_BODY = YES;
				CLANG_WARN_ENUM_CONVERSION = YES;
				CLANG_WARN_INFINITE_RECURSION = YES;
				CLANG_WARN_INT_CONVERSION = YES;
				CLANG_WARN_NON_LITERAL_NULL_CONVERSION = YES;
				CLANG_WARN_OBJC_LITERAL_CONVERSION = YES;
				CLANG_WARN_OBJC_ROOT_CLASS = YES_ERROR;
				CLANG_WARN_RANGE_LOOP_ANALYSIS = YES;
				CLANG_WARN_STRICT_PROTOTYPES = YES;
				CLANG_WARN_SUSPICIOUS_MOVE = YES;
				CLANG_WARN_UNGUARDED_AVAILABILITY = YES_AGGRESSIVE;
				CLANG_WARN_UNREACHABLE_CODE = YES;
				CLANG_WARN__DUPLICATE_METHOD_MATCH = YES;
				CODE_SIGN_IDENTITY = "iPhone Developer";
				COPY_PHASE_STRIP = NO;
				DEBUG_INFORMATION_FORMAT = dwarf;
				ENABLE_STRICT_OBJC_MSGSEND = YES;
				ENABLE_TESTABILITY = YES;
				GCC_C_LANGUAGE_STANDARD = gnu11;
				GCC_DYNAMIC_NO_PIC = NO;
				GCC_NO_COMMON_BLOCKS = YES;
				GCC_OPTIMIZATION_LEVEL = 0;
				GCC_PREPROCESSOR_DEFINITIONS = (
					"DEBUG=1",
					"$(inherited)",
				);
				GCC_WARN_64_TO_32_BIT_CONVERSION = YES;
				GCC_WARN_ABOUT_RETURN_TYPE = YES_ERROR;
				GCC_WARN_UNDECLARED_SELECTOR = YES;
				GCC_WARN_UNINITIALIZED_AUTOS = YES_AGGRESSIVE;
				GCC_WARN_UNUSED_FUNCTION = YES;
				GCC_WARN_UNUSED_VARIABLE = YES;
				IPHONEOS_DEPLOYMENT_TARGET = 11.2;
				MTL_ENABLE_DEBUG_INFO = YES;
				ONLY_ACTIVE_ARCH = YES;
				SDKROOT = iphoneos;
				SWIFT_ACTIVE_COMPILATION_CONDITIONS = DEBUG;
				SWIFT_OPTIMIZATION_LEVEL = "-Onone";
			};
			name = Debug;
		};
		05762E6C204FD1C400886EC9 /* Release */ = {
			isa = XCBuildConfiguration;
			buildSettings = {
				ALWAYS_SEARCH_USER_PATHS = NO;
				CLANG_ANALYZER_NONNULL = YES;
				CLANG_ANALYZER_NUMBER_OBJECT_CONVERSION = YES_AGGRESSIVE;
				CLANG_CXX_LANGUAGE_STANDARD = "gnu++14";
				CLANG_CXX_LIBRARY = "libc++";
				CLANG_ENABLE_MODULES = YES;
				CLANG_ENABLE_OBJC_ARC = YES;
				CLANG_WARN_BLOCK_CAPTURE_AUTORELEASING = YES;
				CLANG_WARN_BOOL_CONVERSION = YES;
				CLANG_WARN_COMMA = YES;
				CLANG_WARN_CONSTANT_CONVERSION = YES;
				CLANG_WARN_DIRECT_OBJC_ISA_USAGE = YES_ERROR;
				CLANG_WARN_DOCUMENTATION_COMMENTS = YES;
				CLANG_WARN_EMPTY_BODY = YES;
				CLANG_WARN_ENUM_CONVERSION = YES;
				CLANG_WARN_INFINITE_RECURSION = YES;
				CLANG_WARN_INT_CONVERSION = YES;
				CLANG_WARN_NON_LITERAL_NULL_CONVERSION = YES;
				CLANG_WARN_OBJC_LITERAL_CONVERSION = YES;
				CLANG_WARN_OBJC_ROOT_CLASS = YES_ERROR;
				CLANG_WARN_RANGE_LOOP_ANALYSIS = YES;
				CLANG_WARN_STRICT_PROTOTYPES = YES;
				CLANG_WARN_SUSPICIOUS_MOVE = YES;
				CLANG_WARN_UNGUARDED_AVAILABILITY = YES_AGGRESSIVE;
				CLANG_WARN_UNREACHABLE_CODE = YES;
				CLANG_WARN__DUPLICATE_METHOD_MATCH = YES;
				CODE_SIGN_IDENTITY = "iPhone Developer";
				COPY_PHASE_STRIP = NO;
				DEBUG_INFORMATION_FORMAT = "dwarf-with-dsym";
				ENABLE_NS_ASSERTIONS = NO;
				ENABLE_STRICT_OBJC_MSGSEND = YES;
				GCC_C_LANGUAGE_STANDARD = gnu11;
				GCC_NO_COMMON_BLOCKS = YES;
				GCC_WARN_64_TO_32_BIT_CONVERSION = YES;
				GCC_WARN_ABOUT_RETURN_TYPE = YES_ERROR;
				GCC_WARN_UNDECLARED_SELECTOR = YES;
				GCC_WARN_UNINITIALIZED_AUTOS = YES_AGGRESSIVE;
				GCC_WARN_UNUSED_FUNCTION = YES;
				GCC_WARN_UNUSED_VARIABLE = YES;
				IPHONEOS_DEPLOYMENT_TARGET = 11.2;
				MTL_ENABLE_DEBUG_INFO = NO;
				SDKROOT = iphoneos;
				SWIFT_OPTIMIZATION_LEVEL = "-Owholemodule";
				VALIDATE_PRODUCT = YES;
			};
			name = Release;
		};
		05762E6E204FD1C400886EC9 /* Debug */ = {
			isa = XCBuildConfiguration;
			buildSettings = {
				ASSETCATALOG_COMPILER_APPICON_NAME = AppIcon;
				ASSETCATALOG_COMPILER_LAUNCHIMAGE_NAME = "LaunchImage-2";
				"CODE_SIGN_IDENTITY[sdk=iphoneos*]" = "iPhone Developer";
				CODE_SIGN_STYLE = Automatic;
				DEVELOPMENT_TEAM = Y7TRBLCR74;
				INFOPLIST_FILE = DownloadWebContent/Info.plist;
				LD_RUNPATH_SEARCH_PATHS = "$(inherited) @executable_path/Frameworks";
				PRODUCT_BUNDLE_IDENTIFIER = com.eiphyu.DownloadWebContent;
				PRODUCT_NAME = "$(TARGET_NAME)";
				PROVISIONING_PROFILE_SPECIFIER = "";
				SWIFT_VERSION = 4.0;
				TARGETED_DEVICE_FAMILY = "1,2";
			};
			name = Debug;
		};
		05762E6F204FD1C400886EC9 /* Release */ = {
			isa = XCBuildConfiguration;
			buildSettings = {
				ASSETCATALOG_COMPILER_APPICON_NAME = AppIcon;
				ASSETCATALOG_COMPILER_LAUNCHIMAGE_NAME = "LaunchImage-2";
				"CODE_SIGN_IDENTITY[sdk=iphoneos*]" = "iPhone Developer";
				CODE_SIGN_STYLE = Automatic;
				DEVELOPMENT_TEAM = Y7TRBLCR74;
				INFOPLIST_FILE = DownloadWebContent/Info.plist;
				LD_RUNPATH_SEARCH_PATHS = "$(inherited) @executable_path/Frameworks";
				PRODUCT_BUNDLE_IDENTIFIER = com.eiphyu.DownloadWebContent;
				PRODUCT_NAME = "$(TARGET_NAME)";
				PROVISIONING_PROFILE_SPECIFIER = "";
				SWIFT_VERSION = 4.0;
				TARGETED_DEVICE_FAMILY = "1,2";
			};
			name = Release;
		};
/* End XCBuildConfiguration section */

/* Begin XCConfigurationList section */
		05762E56204FD1C400886EC9 /* Build configuration list for PBXProject "DownloadWebContent" */ = {
			isa = XCConfigurationList;
			buildConfigurations = (
				05762E6B204FD1C400886EC9 /* Debug */,
				05762E6C204FD1C400886EC9 /* Release */,
			);
			defaultConfigurationIsVisible = 0;
			defaultConfigurationName = Release;
		};
		05762E6D204FD1C400886EC9 /* Build configuration list for PBXNativeTarget "DownloadWebContent" */ = {
			isa = XCConfigurationList;
			buildConfigurations = (
				05762E6E204FD1C400886EC9 /* Debug */,
				05762E6F204FD1C400886EC9 /* Release */,
			);
			defaultConfigurationIsVisible = 0;
			defaultConfigurationName = Release;
		};
/* End XCConfigurationList section */
	};
	rootObject = 05762E53204FD1C400886EC9 /* Project object */;
}
